
Microsoft Visual Studio Solution File, Format Version 12.00
# Visual Studio 15
VisualStudioVersion = 15.0.27004.2002
MinimumVisualStudioVersion = 10.0.40219.1
Project("{FAE04EC0-301F-11D3-BF4B-00C04F79EFBC}") = "WindowsFormsApp16", "WindowsFormsApp16\WindowsFormsApp16.csproj", "{0CF8EB0E-E923-4355-B5B0-691010922C87}"
EndProject
Global
	GlobalSection(SolutionConfigurationPlatforms) = preSolution
		Debug|Any CPU = Debug|Any CPU
		Release|Any CPU = Release|Any CPU
	EndGlobalSection
	GlobalSection(ProjectConfigurationPlatforms) = postSolution
		{0CF8EB0E-E923-4355-B5B0-691010922C87}.Debug|Any CPU.ActiveCfg = Debug|Any CPU
		{0CF8EB0E-E923-4355-B5B0-691010922C87}.Debug|Any CPU.Build.0 = Debug|Any CPU
		{0CF8EB0E-E923-4355-B5B0-691010922C87}.Release|Any CPU.ActiveCfg = Release|Any CPU
		{0CF8EB0E-E923-4355-B5B0-691010922C87}.Release|Any CPU.Build.0 = Release|Any CPU
	EndGlobalSection
	GlobalSection(SolutionProperties) = preSolution
		HideSolutionNode = FALSE
	EndGlobalSection
	GlobalSection(ExtensibilityGlobals) = postSolution
		SolutionGuid = {D6395AA9-A3CE-49E8-8C0E-DD3189A75CC9}
	EndGlobalSection
EndGlobal
